// !$*UTF8*$!
{
	archiveVersion = 1;
	classes = {
	};
	objectVersion = 50;
	objects = {

/* Begin PBXBuildFile section */
		1176B4EF67E6D9E10C61D907 /* Pods_LoginFacebookApp.framework in Frameworks */ = {isa = PBXBuildFile; fileRef = C6347E9EE10DC0E872DB9AE5 /* Pods_LoginFacebookApp.framework */; };
		B1818BF123C9DF8C003DD737 /* AppDelegate.swift in Sources */ = {isa = PBXBuildFile; fileRef = B1818BF023C9DF8C003DD737 /* AppDelegate.swift */; };
		B1818BF323C9DF8C003DD737 /* SceneDelegate.swift in Sources */ = {isa = PBXBuildFile; fileRef = B1818BF223C9DF8C003DD737 /* SceneDelegate.swift */; };
		B1818BF523C9DF8C003DD737 /* ViewController.swift in Sources */ = {isa = PBXBuildFile; fileRef = B1818BF423C9DF8C003DD737 /* ViewController.swift */; };
		B1818BF823C9DF8C003DD737 /* Main.storyboard in Resources */ = {isa = PBXBuildFile; fileRef = B1818BF623C9DF8C003DD737 /* Main.storyboard */; };
		B1818BFA23C9DF8D003DD737 /* Assets.xcassets in Resources */ = {isa = PBXBuildFile; fileRef = B1818BF923C9DF8D003DD737 /* Assets.xcassets */; };
		B1818BFD23C9DF8D003DD737 /* LaunchScreen.storyboard in Resources */ = {isa = PBXBuildFile; fileRef = B1818BFB23C9DF8D003DD737 /* LaunchScreen.storyboard */; };
/* End PBXBuildFile section */

/* Begin PBXFileReference section */
		1ED1B471C17ED5D3F01A3874 /* Pods-LoginFacebookApp.release.xcconfig */ = {isa = PBXFileReference; includeInIndex = 1; lastKnownFileType = text.xcconfig; name = "Pods-LoginFacebookApp.release.xcconfig"; path = "Target Support Files/Pods-LoginFacebookApp/Pods-LoginFacebookApp.release.xcconfig"; sourceTree = "<group>"; };
		6BC8DA63D90BEDC6E159189A /* Pods-LoginFacebookApp.debug.xcconfig */ = {isa = PBXFileReference; includeInIndex = 1; lastKnownFileType = text.xcconfig; name = "Pods-LoginFacebookApp.debug.xcconfig"; path = "Target Support Files/Pods-LoginFacebookApp/Pods-LoginFacebookApp.debug.xcconfig"; sourceTree = "<group>"; };
		B1818BED23C9DF8C003DD737 /* LoginFacebookApp.app */ = {isa = PBXFileReference; explicitFileType = wrapper.application; includeInIndex = 0; path = LoginFacebookApp.app; sourceTree = BUILT_PRODUCTS_DIR; };
		B1818BF023C9DF8C003DD737 /* AppDelegate.swift */ = {isa = PBXFileReference; lastKnownFileType = sourcecode.swift; path = AppDelegate.swift; sourceTree = "<group>"; };
		B1818BF223C9DF8C003DD737 /* SceneDelegate.swift */ = {isa = PBXFileReference; lastKnownFileType = sourcecode.swift; path = SceneDelegate.swift; sourceTree = "<group>"; };
		B1818BF423C9DF8C003DD737 /* ViewController.swift */ = {isa = PBXFileReference; lastKnownFileType = sourcecode.swift; path = ViewController.swift; sourceTree = "<group>"; };
		B1818BF723C9DF8C003DD737 /* Base */ = {isa = PBXFileReference; lastKnownFileType = file.storyboard; name = Base; path = Base.lproj/Main.storyboard; sourceTree = "<group>"; };
		B1818BF923C9DF8D003DD737 /* Assets.xcassets */ = {isa = PBXFileReference; lastKnownFileType = folder.assetcatalog; path = Assets.xcassets; sourceTree = "<group>"; };
		B1818BFC23C9DF8D003DD737 /* Base */ = {isa = PBXFileReference; lastKnownFileType = file.storyboard; name = Base; path = Base.lproj/LaunchScreen.storyboard; sourceTree = "<group>"; };
		B1818BFE23C9DF8D003DD737 /* Info.plist */ = {isa = PBXFileReference; lastKnownFileType = text.plist.xml; path = Info.plist; sourceTree = "<group>"; };
		C6347E9EE10DC0E872DB9AE5 /* Pods_LoginFacebookApp.framework */ = {isa = PBXFileReference; explicitFileType = wrapper.framework; includeInIndex = 0; path = Pods_LoginFacebookApp.framework; sourceTree = BUILT_PRODUCTS_DIR; };
/* End PBXFileReference section */

/* Begin PBXFrameworksBuildPhase section */
		B1818BEA23C9DF8C003DD737 /* Frameworks */ = {
			isa = PBXFrameworksBuildPhase;
			buildActionMask = 2147483647;
			files = (
				1176B4EF67E6D9E10C61D907 /* Pods_LoginFacebookApp.framework in Frameworks */,
			);
			runOnlyForDeploymentPostprocessing = 0;
		};
/* End PBXFrameworksBuildPhase section */

/* Begin PBXGroup section */
		2B93D79B4604E0EDADE9596D /* Pods */ = {
			isa = PBXGroup;
			children = (
				6BC8DA63D90BEDC6E159189A /* Pods-LoginFacebookApp.debug.xcconfig */,
				1ED1B471C17ED5D3F01A3874 /* Pods-LoginFacebookApp.release.xcconfig */,
			);
			name = Pods;
			path = Pods;
			sourceTree = "<group>";
		};
		3CF4B12391F72F5E6CFF5E4F /* Frameworks */ = {
			isa = PBXGroup;
			children = (
				C6347E9EE10DC0E872DB9AE5 /* Pods_LoginFacebookApp.framework */,
			);
			name = Frameworks;
			sourceTree = "<group>";
		};
		B1818BE423C9DF8C003DD737 = {
			isa = PBXGroup;
			children = (
				B1818BEF23C9DF8C003DD737 /* LoginFacebookApp */,
				B1818BEE23C9DF8C003DD737 /* Products */,
				2B93D79B4604E0EDADE9596D /* Pods */,
				3CF4B12391F72F5E6CFF5E4F /* Frameworks */,
			);
			sourceTree = "<group>";
		};
		B1818BEE23C9DF8C003DD737 /* Products */ = {
			isa = PBXGroup;
			children = (
				B1818BED23C9DF8C003DD737 /* LoginFacebookApp.app */,
			);
			name = Products;
			sourceTree = "<group>";
		};
		B1818BEF23C9DF8C003DD737 /* LoginFacebookApp */ = {
			isa = PBXGroup;
			children = (
				B1818BF023C9DF8C003DD737 /* AppDelegate.swift */,
				B1818BF223C9DF8C003DD737 /* SceneDelegate.swift */,
				B1818BF423C9DF8C003DD737 /* ViewController.swift */,
				B1818BF623C9DF8C003DD737 /* Main.storyboard */,
				B1818BF923C9DF8D003DD737 /* Assets.xcassets */,
				B1818BFB23C9DF8D003DD737 /* LaunchScreen.storyboard */,
				B1818BFE23C9DF8D003DD737 /* Info.plist */,
			);
			path = LoginFacebookApp;
			sourceTree = "<group>";
		};
/* End PBXGroup section */

/* Begin PBXNativeTarget section */
		B1818BEC23C9DF8C003DD737 /* LoginFacebookApp */ = {
			isa = PBXNativeTarget;
			buildConfigurationList = B1818C0123C9DF8D003DD737 /* Build configuration list for PBXNativeTarget "LoginFacebookApp" */;
			buildPhases = (
				739ED5D8A648EEFABE918DB9 /* [CP] Check Pods Manifest.lock */,
				B1818BE923C9DF8C003DD737 /* Sources */,
				B1818BEA23C9DF8C003DD737 /* Frameworks */,
				B1818BEB23C9DF8C003DD737 /* Resources */,
				959EF6EE4A3297ED28C11890 /* [CP] Embed Pods Frameworks */,
			);
			buildRules = (
			);
			dependencies = (
			);
			name = LoginFacebookApp;
			productName = LoginFacebookApp;
			productReference = B1818BED23C9DF8C003DD737 /* LoginFacebookApp.app */;
			productType = "com.apple.product-type.application";
		};
/* End PBXNativeTarget section */

/* Begin PBXProject section */
		B1818BE523C9DF8C003DD737 /* Project object */ = {
			isa = PBXProject;
			attributes = {
				LastSwiftUpdateCheck = 1130;
				LastUpgradeCheck = 1130;
				ORGANIZATIONNAME = Taigashiga;
				TargetAttributes = {
					B1818BEC23C9DF8C003DD737 = {
						CreatedOnToolsVersion = 11.3;
					};
				};
			};
			buildConfigurationList = B1818BE823C9DF8C003DD737 /* Build configuration list for PBXProject "LoginFacebookApp" */;
			compatibilityVersion = "Xcode 9.3";
			developmentRegion = en;
			hasScannedForEncodings = 0;
			knownRegions = (
				en,
				Base,
			);
			mainGroup = B1818BE423C9DF8C003DD737;
			productRefGroup = B1818BEE23C9DF8C003DD737 /* Products */;
			projectDirPath = "";
			projectRoot = "";
			targets = (
				B1818BEC23C9DF8C003DD737 /* LoginFacebookApp */,
			);
		};
/* End PBXProject section */

/* Begin PBXResourcesBuildPhase section */
		B1818BEB23C9DF8C003DD737 /* Resources */ = {
			isa = PBXResourcesBuildPhase;
			buildActionMask = 2147483647;
			files = (
				B1818BFD23C9DF8D003DD737 /* LaunchScreen.storyboard in Resources */,
				B1818BFA23C9DF8D003DD737 /* Assets.xcassets in Resources */,
				B1818BF823C9DF8C003DD737 /* Main.storyboard in Resources */,
			);
			runOnlyForDeploymentPostprocessing = 0;
		};
/* End PBXResourcesBuildPhase section */

/* Begin PBXShellScriptBuildPhase section */
		739ED5D8A648EEFABE918DB9 /* [CP] Check Pods Manifest.lock */ = {
			isa = PBXShellScriptBuildPhase;
			buildActionMask = 2147483647;
			files = (
			);
			inputFileListPaths = (
			);
			inputPaths = (
				"${PODS_PODFILE_DIR_PATH}/Podfile.lock",
				"${PODS_ROOT}/Manifest.lock",
			);
			name = "[CP] Check Pods Manifest.lock";
			outputFileListPaths = (
			);
			outputPaths = (
				"$(DERIVED_FILE_DIR)/Pods-LoginFacebookApp-checkManifestLockResult.txt",
			);
			runOnlyForDeploymentPostprocessing = 0;
			shellPath = /bin/sh;
			shellScript = "diff \"${PODS_PODFILE_DIR_PATH}/Podfile.lock\" \"${PODS_ROOT}/Manifest.lock\" > /dev/null\nif [ $? != 0 ] ; then\n    # print error to STDERR\n    echo \"error: The sandbox is not in sync with the Podfile.lock. Run 'pod install' or update your CocoaPods installation.\" >&2\n    exit 1\nfi\n# This output is used by Xcode 'outputs' to avoid re-running this script phase.\necho \"SUCCESS\" > \"${SCRIPT_OUTPUT_FILE_0}\"\n";
			showEnvVarsInLog = 0;
		};
		959EF6EE4A3297ED28C11890 /* [CP] Embed Pods Frameworks */ = {
			isa = PBXShellScriptBuildPhase;
			buildActionMask = 2147483647;
			files = (
			);
			inputFileListPaths = (
				"${PODS_ROOT}/Target Support Files/Pods-LoginFacebookApp/Pods-LoginFacebookApp-frameworks-${CONFIGURATION}-input-files.xcfilelist",
			);
			name = "[CP] Embed Pods Frameworks";
			outputFileListPaths = (
				"${PODS_ROOT}/Target Support Files/Pods-LoginFacebookApp/Pods-LoginFacebookApp-frameworks-${CONFIGURATION}-output-files.xcfilelist",
			);
			runOnlyForDeploymentPostprocessing = 0;
			shellPath = /bin/sh;
			shellScript = "\"${PODS_ROOT}/Target Support Files/Pods-LoginFacebookApp/Pods-LoginFacebookApp-frameworks.sh\"\n";
			showEnvVarsInLog = 0;
		};
/* End PBXShellScriptBuildPhase section */

/* Begin PBXSourcesBuildPhase section */
		B1818BE923C9DF8C003DD737 /* Sources */ = {
			isa = PBXSourcesBuildPhase;
			buildActionMask = 2147483647;
			files = (
				B1818BF523C9DF8C003DD737 /* ViewController.swift in Sources */,
				B1818BF123C9DF8C003DD737 /* AppDelegate.swift in Sources */,
				B1818BF323C9DF8C003DD737 /* SceneDelegate.swift in Sources */,
			);
			runOnlyForDeploymentPostprocessing = 0;
		};
/* End PBXSourcesBuildPhase section */

/* Begin PBXVariantGroup section */
		B1818BF623C9DF8C003DD737 /* Main.storyboard */ = {
			isa = PBXVariantGroup;
			children = (
				B1818BF723C9DF8C003DD737 /* Base */,
			);
			name = Main.storyboard;
			sourceTree = "<group>";
		};
		B1818BFB23C9DF8D003DD737 /* LaunchScreen.storyboard */ = {
			isa = PBXVariantGroup;
			children = (
				B1818BFC23C9DF8D003DD737 /* Base */,
			);
			name = LaunchScreen.storyboard;
			sourceTree = "<group>";
		};
/* End PBXVariantGroup section */

/* Begin XCBuildConfiguration section */
		B1818BFF23C9DF8D003DD737 /* Debug */ = {
			isa = XCBuildConfiguration;
			buildSettings = {
				ALWAYS_SEARCH_USER_PATHS = NO;
				CLANG_ANALYZER_NONNULL = YES;
				CLANG_ANALYZER_NUMBER_OBJECT_CONVERSION = YES_AGGRESSIVE;
				CLANG_CXX_LANGUAGE_STANDARD = "gnu++14";
				CLANG_CXX_LIBRARY = "libc++";
				CLANG_ENABLE_MODULES = YES;
				CLANG_ENABLE_OBJC_ARC = YES;
				CLANG_ENABLE_OBJC_WEAK = YES;
				CLANG_WARN_BLOCK_CAPTURE_AUTORELEASING = YES;
				CLANG_WARN_BOOL_CONVERSION = YES;
				CLANG_WARN_COMMA = YES;
				CLANG_WARN_CONSTANT_CONVERSION = YES;
				CLANG_WARN_DEPRECATED_OBJC_IMPLEMENTATIONS = YES;
				CLANG_WARN_DIRECT_OBJC_ISA_USAGE = YES_ERROR;
				CLANG_WARN_DOCUMENTATION_COMMENTS = YES;
				CLANG_WARN_EMPTY_BODY = YES;
				CLANG_WARN_ENUM_CONVERSION = YES;
				CLANG_WARN_INFINITE_RECURSION = YES;
				CLANG_WARN_INT_CONVERSION = YES;
				CLANG_WARN_NON_LITERAL_NULL_CONVERSION = YES;
				CLANG_WARN_OBJC_IMPLICIT_RETAIN_SELF = YES;
				CLANG_WARN_OBJC_LITERAL_CONVERSION = YES;
				CLANG_WARN_OBJC_ROOT_CLASS = YES_ERROR;
				CLANG_WARN_RANGE_LOOP_ANALYSIS = YES;
				CLANG_WARN_STRICT_PROTOTYPES = YES;
				CLANG_WARN_SUSPICIOUS_MOVE = YES;
				CLANG_WARN_UNGUARDED_AVAILABILITY = YES_AGGRESSIVE;
				CLANG_WARN_UNREACHABLE_CODE = YES;
				CLANG_WARN__DUPLICATE_METHOD_MATCH = YES;
				COPY_PHASE_STRIP = NO;
				DEBUG_INFORMATION_FORMAT = dwarf;
				ENABLE_STRICT_OBJC_MSGSEND = YES;
				ENABLE_TESTABILITY = YES;
				GCC_C_LANGUAGE_STANDARD = gnu11;
				GCC_DYNAMIC_NO_PIC = NO;
				GCC_NO_COMMON_BLOCKS = YES;
				GCC_OPTIMIZATION_LEVEL = 0;
				GCC_PREPROCESSOR_DEFINITIONS = (
					"DEBUG=1",
					"$(inherited)",
				);
				GCC_WARN_64_TO_32_BIT_CONVERSION = YES;
				GCC_WARN_ABOUT_RETURN_TYPE = YES_ERROR;
				GCC_WARN_UNDECLARED_SELECTOR = YES;
				GCC_WARN_UNINITIALIZED_AUTOS = YES_AGGRESSIVE;
				GCC_WARN_UNUSED_FUNCTION = YES;
				GCC_WARN_UNUSED_VARIABLE = YES;
				IPHONEOS_DEPLOYMENT_TARGET = 13.2;
				MTL_ENABLE_DEBUG_INFO = INCLUDE_SOURCE;
				MTL_FAST_MATH = YES;
				ONLY_ACTIVE_ARCH = YES;
				SDKROOT = iphoneos;
				SWIFT_ACTIVE_COMPILATION_CONDITIONS = DEBUG;
				SWIFT_OPTIMIZATION_LEVEL = "-Onone";
			};
			name = Debug;
		};
		B1818C0023C9DF8D003DD737 /* Release */ = {
			isa = XCBuildConfiguration;
			buildSettings = {
				ALWAYS_SEARCH_USER_PATHS = NO;
				CLANG_ANALYZER_NONNULL = YES;
				CLANG_ANALYZER_NUMBER_OBJECT_CONVERSION = YES_AGGRESSIVE;
				CLANG_CXX_LANGUAGE_STANDARD = "gnu++14";
				CLANG_CXX_LIBRARY = "libc++";
				CLANG_ENABLE_MODULES = YES;
				CLANG_ENABLE_OBJC_ARC = YES;
				CLANG_ENABLE_OBJC_WEAK = YES;
				CLANG_WARN_BLOCK_CAPTURE_AUTORELEASING = YES;
				CLANG_WARN_BOOL_CONVERSION = YES;
				CLANG_WARN_COMMA = YES;
				CLANG_WARN_CONSTANT_CONVERSION = YES;
				CLANG_WARN_DEPRECATED_OBJC_IMPLEMENTATIONS = YES;
				CLANG_WARN_DIRECT_OBJC_ISA_USAGE = YES_ERROR;
				CLANG_WARN_DOCUMENTATION_COMMENTS = YES;
				CLANG_WARN_EMPTY_BODY = YES;
				CLANG_WARN_ENUM_CONVERSION = YES;
				CLANG_WARN_INFINITE_RECURSION = YES;
				CLANG_WARN_INT_CONVERSION = YES;
				CLANG_WARN_NON_LITERAL_NULL_CONVERSION = YES;
				CLANG_WARN_OBJC_IMPLICIT_RETAIN_SELF = YES;
				CLANG_WARN_OBJC_LITERAL_CONVERSION = YES;
				CLANG_WARN_OBJC_ROOT_CLASS = YES_ERROR;
				CLANG_WARN_RANGE_LOOP_ANALYSIS = YES;
				CLANG_WARN_STRICT_PROTOTYPES = YES;
				CLANG_WARN_SUSPICIOUS_MOVE = YES;
				CLANG_WARN_UNGUARDED_AVAILABILITY = YES_AGGRESSIVE;
				CLANG_WARN_UNREACHABLE_CODE = YES;
				CLANG_WARN__DUPLICATE_METHOD_MATCH = YES;
				COPY_PHASE_STRIP = NO;
				DEBUG_INFORMATION_FORMAT = "dwarf-with-dsym";
				ENABLE_NS_ASSERTIONS = NO;
				ENABLE_STRICT_OBJC_MSGSEND = YES;
				GCC_C_LANGUAGE_STANDARD = gnu11;
				GCC_NO_COMMON_BLOCKS = YES;
				GCC_WARN_64_TO_32_BIT_CONVERSION = YES;
				GCC_WARN_ABOUT_RETURN_TYPE = YES_ERROR;
				GCC_WARN_UNDECLARED_SELECTOR = YES;
				GCC_WARN_UNINITIALIZED_AUTOS = YES_AGGRESSIVE;
				GCC_WARN_UNUSED_FUNCTION = YES;
				GCC_WARN_UNUSED_VARIABLE = YES;
				IPHONEOS_DEPLOYMENT_TARGET = 13.2;
				MTL_ENABLE_DEBUG_INFO = NO;
				MTL_FAST_MATH = YES;
				SDKROOT = iphoneos;
				SWIFT_COMPILATION_MODE = wholemodule;
				SWIFT_OPTIMIZATION_LEVEL = "-O";
				VALIDATE_PRODUCT = YES;
			};
			name = Release;
		};
		B1818C0223C9DF8D003DD737 /* Debug */ = {
			isa = XCBuildConfiguration;
			baseConfigurationReference = 6BC8DA63D90BEDC6E159189A /* Pods-LoginFacebookApp.debug.xcconfig */;
			buildSettings = {
				ASSETCATALOG_COMPILER_APPICON_NAME = AppIcon;
				CODE_SIGN_STYLE = Automatic;
				INFOPLIST_FILE = LoginFacebookApp/Info.plist;
				LD_RUNPATH_SEARCH_PATHS = (
					"$(inherited)",
					"@executable_path/Frameworks",
				);
				PRODUCT_BUNDLE_IDENTIFIER = project.LoginFacebookApp;
				PRODUCT_NAME = "$(TARGET_NAME)";
				SWIFT_VERSION = 5.0;
				TARGETED_DEVICE_FAMILY = "1,2";
			};
			name = Debug;
		};
		B1818C0323C9DF8D003DD737 /* Release */ = {
			isa = XCBuildConfiguration;
			baseConfigurationReference = 1ED1B471C17ED5D3F01A3874 /* Pods-LoginFacebookApp.release.xcconfig */;
			buildSettings = {
				ASSETCATALOG_COMPILER_APPICON_NAME = AppIcon;
				CODE_SIGN_STYLE = Automatic;
				INFOPLIST_FILE = LoginFacebookApp/Info.plist;
				LD_RUNPATH_SEARCH_PATHS = (
					"$(inherited)",
					"@executable_path/Frameworks",
				);
				PRODUCT_BUNDLE_IDENTIFIER = project.LoginFacebookApp;
				PRODUCT_NAME = "$(TARGET_NAME)";
				SWIFT_VERSION = 5.0;
				TARGETED_DEVICE_FAMILY = "1,2";
			};
			name = Release;
		};
/* End XCBuildConfiguration section */

/* Begin XCConfigurationList section */
		B1818BE823C9DF8C003DD737 /* Build configuration list for PBXProject "LoginFacebookApp" */ = {
			isa = XCConfigurationList;
			buildConfigurations = (
				B1818BFF23C9DF8D003DD737 /* Debug */,
				B1818C0023C9DF8D003DD737 /* Release */,
			);
			defaultConfigurationIsVisible = 0;
			defaultConfigurationName = Release;
		};
		B1818C0123C9DF8D003DD737 /* Build configuration list for PBXNativeTarget "LoginFacebookApp" */ = {
			isa = XCConfigurationList;
			buildConfigurations = (
				B1818C0223C9DF8D003DD737 /* Debug */,
				B1818C0323C9DF8D003DD737 /* Release */,
			);
			defaultConfigurationIsVisible = 0;
			defaultConfigurationName = Release;
		};
/* End XCConfigurationList section */
	};
	rootObject = B1818BE523C9DF8C003DD737 /* Project object */;
}
